
Microsoft Visual Studio Solution File, Format Version 12.00
# Visual Studio Version 17
VisualStudioVersion = 17.9.34723.18
MinimumVisualStudioVersion = 10.0.40219.1
Project("{FAE04EC0-301F-11D3-BF4B-00C04F79EFBC}") = "WpfApp5", "WpfApp5\WpfApp5.csproj", "{BAC326AC-F8EC-4A88-AF29-90CB1E78609B}"
EndProject
Global
	GlobalSection(SolutionConfigurationPlatforms) = preSolution
		Debug|Any CPU = Debug|Any CPU
		Release|Any CPU = Release|Any CPU
	EndGlobalSection
	GlobalSection(ProjectConfigurationPlatforms) = postSolution
		{BAC326AC-F8EC-4A88-AF29-90CB1E78609B}.Debug|Any CPU.ActiveCfg = Debug|Any CPU
		{BAC326AC-F8EC-4A88-AF29-90CB1E78609B}.Debug|Any CPU.Build.0 = Debug|Any CPU
		{BAC326AC-F8EC-4A88-AF29-90CB1E78609B}.Release|Any CPU.ActiveCfg = Release|Any CPU
		{BAC326AC-F8EC-4A88-AF29-90CB1E78609B}.Release|Any CPU.Build.0 = Release|Any CPU
	EndGlobalSection
	GlobalSection(SolutionProperties) = preSolution
		HideSolutionNode = FALSE
	EndGlobalSection
	GlobalSection(ExtensibilityGlobals) = postSolution
		SolutionGuid = {09E5819E-E5C7-4A14-84CF-82D8DD926950}
	EndGlobalSection
EndGlobal
